<?xml version="1.0" encoding="utf-8"?>
<Project ToolsVersion="4.0" xmlns="http://schemas.microsoft.com/developer/msbuild/2003">
  <ItemGroup>
    <Filter Include="Source Files">
      <UniqueIdentifier>{4FC737F1-C7A5-4376-A066-2A32D752A2FF}</UniqueIdentifier>
      <Extensions>cpp;c;cc;cxx;def;odl;idl;hpj;bat;asm;asmx</Extensions>
    </Filter>
  </ItemGroup>
  <ItemGroup>
    <ClInclude Include="doctest.h" />
  </ItemGroup>
  <ItemGroup>
    <ClCompile Include="fontmap\fontmaptest.cpp">
      <Filter>Source Files</Filter>
    </ClCompile>
    <ClCompile Include="events\evthandler.cpp">
      <Filter>Source Files</Filter>
    </ClCompile>
    <ClCompile Include="test.cpp">
      <Filter>Source Files</Filter>
    </ClCompile>
    <ClCompile Include="longlong\longlongtest.cpp">
      <Filter>Source Files</Filter>
    </ClCompile>
    <ClCompile Include="formatconverter\formatconvertertest.cpp">
      <Filter>Source Files</Filter>
    </ClCompile>
    <ClCompile Include="hashes\hashes.cpp">
      <Filter>Source Files</Filter>
    </ClCompile>
    <ClCompile Include="lists\lists.cpp">
      <Filter>Source Files</Filter>
    </ClCompile>
    <ClCompile Include="filesys\filesystest.cpp">
      <Filter>Source Files</Filter>
    </ClCompile>
    <ClCompile Include="file\filetest.cpp">
      <Filter>Source Files</Filter>
    </ClCompile>
    <ClCompile Include="fswatcher\fswatchertest.cpp">
      <Filter>Source Files</Filter>
    </ClCompile>
    <ClCompile Include="file\filefn.cpp">
      <Filter>Source Files</Filter>
    </ClCompile>
    <ClCompile Include="mbconv\convautotest.cpp">
      <Filter>Source Files</Filter>
    </ClCompile>
    <ClCompile Include="xlocale\xlocale.cpp">
      <Filter>Source Files</Filter>
    </ClCompile>
    <ClCompile Include="weakref\weakref.cpp">
      <Filter>Source Files</Filter>
    </ClCompile>
  </ItemGroup>
</Project>